{
  "version": "4",
  "specifiers": {
    "jsr:@std/async@*": "1.0.9",
    "jsr:@std/cli@*": "1.0.7",
    "jsr:@std/path@*": "1.0.8"
  },
  "jsr": {
    "@std/async@1.0.9": {
      "integrity": "c6472fd0623b3f3daae023cdf7ca5535e1b721dfbf376562c0c12b3fb4867f91"
    },
    "@std/cli@1.0.7": {
      "integrity": "98359df9df586a69015ba570305183b0cb9e7d53c05ea2016ef9a3e77e82c7cd"
    },
    "@std/path@1.0.8": {
      "integrity": "548fa456bb6a04d3c1a1e7477986b6cffbce95102d0bb447c67c4ee70e0364be"
    }
  }
}
